
Microsoft Visual Studio Solution File, Format Version 12.00
# Visual Studio Version 17
VisualStudioVersion = 17.3.32825.248
MinimumVisualStudioVersion = 10.0.40219.1
Project("{FAE04EC0-301F-11D3-BF4B-00C04F79EFBC}") = "AlgoritmsAndDataStructures", "AlgoritmsAndDataStructures\AlgoritmsAndDataStructures.csproj", "{FF9E43C4-199A-460B-9C81-044EB56BA0F6}"
EndProject
Global
	GlobalSection(SolutionConfigurationPlatforms) = preSolution
		Debug|Any CPU = Debug|Any CPU
		Release|Any CPU = Release|Any CPU
	EndGlobalSection
	GlobalSection(ProjectConfigurationPlatforms) = postSolution
		{FF9E43C4-199A-460B-9C81-044EB56BA0F6}.Debug|Any CPU.ActiveCfg = Debug|Any CPU
		{FF9E43C4-199A-460B-9C81-044EB56BA0F6}.Debug|Any CPU.Build.0 = Debug|Any CPU
		{FF9E43C4-199A-460B-9C81-044EB56BA0F6}.Release|Any CPU.ActiveCfg = Release|Any CPU
		{FF9E43C4-199A-460B-9C81-044EB56BA0F6}.Release|Any CPU.Build.0 = Release|Any CPU
	EndGlobalSection
	GlobalSection(SolutionProperties) = preSolution
		HideSolutionNode = FALSE
	EndGlobalSection
	GlobalSection(ExtensibilityGlobals) = postSolution
		SolutionGuid = {2B4448B5-549F-4D64-9B58-49E68F3164C0}
	EndGlobalSection
EndGlobal
